
Microsoft Visual Studio Solution File, Format Version 12.00
# Visual Studio Version 16
VisualStudioVersion = 16.0.30413.136
MinimumVisualStudioVersion = 10.0.40219.1
Project("{9A19103F-16F7-4668-BE54-9A1E7A4F7556}") = "ArticlesService.Domain", "ArticlesService.Domain\ArticlesService.Domain.csproj", "{CA36DE62-842D-47CE-9296-BA5386CEF6C9}"
EndProject
Project("{9A19103F-16F7-4668-BE54-9A1E7A4F7556}") = "ArticlesService.Infrastructure", "ArticlesService.Infrastructure\ArticlesService.Infrastructure.csproj", "{57EDE6F6-7A59-437A-B1D5-78030638D6AE}"
EndProject
Project("{9A19103F-16F7-4668-BE54-9A1E7A4F7556}") = "ArticlesService.API", "ArticlesService.API\ArticlesService.API.csproj", "{343A6BCC-8DAA-45BC-AC43-7A994731DF94}"
EndProject
Project("{FAE04EC0-301F-11D3-BF4B-00C04F79EFBC}") = "ArticlesService.Common", "ArticleService.Common\ArticlesService.Common.csproj", "{417A9CE1-CC49-45DE-B852-8FF9827BE2AC}"
EndProject
Global
	GlobalSection(SolutionConfigurationPlatforms) = preSolution
		Debug|Any CPU = Debug|Any CPU
		Release|Any CPU = Release|Any CPU
	EndGlobalSection
	GlobalSection(ProjectConfigurationPlatforms) = postSolution
		{CA36DE62-842D-47CE-9296-BA5386CEF6C9}.Debug|Any CPU.ActiveCfg = Debug|Any CPU
		{CA36DE62-842D-47CE-9296-BA5386CEF6C9}.Debug|Any CPU.Build.0 = Debug|Any CPU
		{CA36DE62-842D-47CE-9296-BA5386CEF6C9}.Release|Any CPU.ActiveCfg = Release|Any CPU
		{CA36DE62-842D-47CE-9296-BA5386CEF6C9}.Release|Any CPU.Build.0 = Release|Any CPU
		{57EDE6F6-7A59-437A-B1D5-78030638D6AE}.Debug|Any CPU.ActiveCfg = Debug|Any CPU
		{57EDE6F6-7A59-437A-B1D5-78030638D6AE}.Debug|Any CPU.Build.0 = Debug|Any CPU
		{57EDE6F6-7A59-437A-B1D5-78030638D6AE}.Release|Any CPU.ActiveCfg = Release|Any CPU
		{57EDE6F6-7A59-437A-B1D5-78030638D6AE}.Release|Any CPU.Build.0 = Release|Any CPU
		{343A6BCC-8DAA-45BC-AC43-7A994731DF94}.Debug|Any CPU.ActiveCfg = Debug|Any CPU
		{343A6BCC-8DAA-45BC-AC43-7A994731DF94}.Debug|Any CPU.Build.0 = Debug|Any CPU
		{343A6BCC-8DAA-45BC-AC43-7A994731DF94}.Release|Any CPU.ActiveCfg = Release|Any CPU
		{343A6BCC-8DAA-45BC-AC43-7A994731DF94}.Release|Any CPU.Build.0 = Release|Any CPU
		{417A9CE1-CC49-45DE-B852-8FF9827BE2AC}.Debug|Any CPU.ActiveCfg = Debug|Any CPU
		{417A9CE1-CC49-45DE-B852-8FF9827BE2AC}.Debug|Any CPU.Build.0 = Debug|Any CPU
		{417A9CE1-CC49-45DE-B852-8FF9827BE2AC}.Release|Any CPU.ActiveCfg = Release|Any CPU
		{417A9CE1-CC49-45DE-B852-8FF9827BE2AC}.Release|Any CPU.Build.0 = Release|Any CPU
	EndGlobalSection
	GlobalSection(SolutionProperties) = preSolution
		HideSolutionNode = FALSE
	EndGlobalSection
	GlobalSection(ExtensibilityGlobals) = postSolution
		SolutionGuid = {1E23DF6B-7867-4FB9-8C4A-874BAC1EA9EB}
	EndGlobalSection
EndGlobal
